
Microsoft Visual Studio Solution File, Format Version 12.00
# Visual Studio 15
VisualStudioVersion = 15.0.27130.0
MinimumVisualStudioVersion = 10.0.40219.1
Project("{2150E333-8FDC-42A3-9474-1A3956D46DE8}") = "Executables", "Executables", "{26A80C4F-DCEB-4B4D-BB58-68A6551FF760}"
EndProject
Project("{2150E333-8FDC-42A3-9474-1A3956D46DE8}") = "Libraries", "Libraries", "{393342B8-3254-4C91-A4AB-7D80E569A552}"
EndProject
Project("{2150E333-8FDC-42A3-9474-1A3956D46DE8}") = "2.01_UserInterfaces", "2.01_UserInterfaces", "{B85F99E4-3F77-4828-80C1-DE0099CD5E28}"
EndProject
Project("{2150E333-8FDC-42A3-9474-1A3956D46DE8}") = "2.01_UnitsOfMeasurement", "2.01_UnitsOfMeasurement", "{78D66966-73BA-4B16-B452-52C712FC8F9B}"
EndProject
Project("{2150E333-8FDC-42A3-9474-1A3956D46DE8}") = "2.01_YSFlight", "2.01_YSFlight", "{8C3FA163-8EBA-46C3-85BE-64EB21701353}"
EndProject
Project("{2150E333-8FDC-42A3-9474-1A3956D46DE8}") = "2.01_Files", "2.01_Files", "{B0E7687E-B54C-429E-BDEF-473C12A1E2EB}"
EndProject
Project("{2150E333-8FDC-42A3-9474-1A3956D46DE8}") = "2.01_Math", "2.01_Math", "{11174DE1-0026-4E4E-9CF7-57476F7121E9}"
EndProject
Project("{2150E333-8FDC-42A3-9474-1A3956D46DE8}") = "1.07_Extensions", "1.07_Extensions", "{904C8082-1AA0-48AB-ADD3-51A0D69E0278}"
EndProject
Project("{2150E333-8FDC-42A3-9474-1A3956D46DE8}") = "1.05_InputOutput", "1.05_InputOutput", "{B03110EC-C35D-4C63-A911-99B152854A0D}"
EndProject
Project("{2150E333-8FDC-42A3-9474-1A3956D46DE8}") = "2.01_RichText", "2.01_RichText", "{121A9A3E-3D2B-4335-BA07-92C54C41230C}"
EndProject
Project("{2150E333-8FDC-42A3-9474-1A3956D46DE8}") = "2.01_Color", "2.01_Color", "{312948DC-3326-4FEE-B93F-3DE8AA021093}"
EndProject
Project("{2150E333-8FDC-42A3-9474-1A3956D46DE8}") = "2.01_Databases", "2.01_Databases", "{FE19A8F9-0921-45DB-A776-7F35033041E7}"
EndProject
Project("{2150E333-8FDC-42A3-9474-1A3956D46DE8}") = "2.01_Icons", "2.01_Icons", "{513F2903-0CE9-4C65-9D18-869FAD97366A}"
	ProjectSection(SolutionItems) = preProject
		_Libraries\2_Components\2.01_Icons\FlakeEngine.ico = _Libraries\2_Components\2.01_Icons\FlakeEngine.ico
		_Libraries\2_Components\2.01_Icons\OfficerFlake.ico = _Libraries\2_Components\2.01_Icons\OfficerFlake.ico
		_Libraries\2_Components\2.01_Icons\OpenYS.ico = _Libraries\2_Components\2.01_Icons\OpenYS.ico
	EndProjectSection
EndProject
Project("{2150E333-8FDC-42A3-9474-1A3956D46DE8}") = "2.01_Networking", "2.01_Networking", "{49C7C96E-F161-4278-9846-685F5DB44CAC}"
EndProject
Project("{2150E333-8FDC-42A3-9474-1A3956D46DE8}") = "1.08_Settings", "1.08_Settings", "{30FBF19A-9C05-4C25-A774-B81D431DD80C}"
EndProject
Project("{2150E333-8FDC-42A3-9474-1A3956D46DE8}") = "1.02_Interfaces", "1.02_Interfaces", "{2645CB3B-B051-4242-BCF3-FCFC3AD4FBC2}"
EndProject
Project("{2150E333-8FDC-42A3-9474-1A3956D46DE8}") = "1.03_Loggers", "1.03_Loggers", "{0AA90E5B-9078-4C8A-8FD6-4D71CFEE88A7}"
EndProject
Project("{2150E333-8FDC-42A3-9474-1A3956D46DE8}") = "1.04_ExceptionHandlers", "1.04_ExceptionHandlers", "{752E1E80-4B98-408F-8D0D-9D9736B5B43E}"
EndProject
Project("{2150E333-8FDC-42A3-9474-1A3956D46DE8}") = "3_Master", "3_Master", "{D2A955B0-266F-48DE-A686-D479CB944D9C}"
EndProject
Project("{2150E333-8FDC-42A3-9474-1A3956D46DE8}") = "1.06_ObjectFactory", "1.06_ObjectFactory", "{FEB42109-5C5B-41B5-8B0A-AD6CFB25AA97}"
EndProject
Project("{2150E333-8FDC-42A3-9474-1A3956D46DE8}") = "2_Components", "2_Components", "{65AF4794-AADD-4029-B4A3-EFAA1FE0F2FA}"
EndProject
Project("{2150E333-8FDC-42A3-9474-1A3956D46DE8}") = "1_Core", "1_Core", "{34A02763-5FCF-4D80-AC04-51C2B5B9E8AF}"
EndProject
Project("{2150E333-8FDC-42A3-9474-1A3956D46DE8}") = "3.00_MasterObjectFactory", "3.00_MasterObjectFactory", "{6D200111-B4C2-4A66-9F10-0DEE51E3CDBC}"
EndProject
Project("{2150E333-8FDC-42A3-9474-1A3956D46DE8}") = "0_Executables", "0_Executables", "{093C7C0C-F64D-4480-B602-F050201CC65B}"
EndProject
Project("{2150E333-8FDC-42A3-9474-1A3956D46DE8}") = "1.01_BuildEnvironment", "1.01_BuildEnvironment", "{9653CA2C-ED6E-479F-8C84-E5C8029404D8}"
EndProject
Project("{2150E333-8FDC-42A3-9474-1A3956D46DE8}") = "Solution Items", "Solution Items", "{96AAE4E4-7304-45CB-AEA7-ED84BD07FA97}"
	ProjectSection(SolutionItems) = preProject
		_Supplement\DeveloperInfo.cs = _Supplement\DeveloperInfo.cs
		_Supplement\DeveloperInfoInstructions.cs.txt = _Supplement\DeveloperInfoInstructions.cs.txt
		_Supplement\SigningKey.snk = _Supplement\SigningKey.snk
		_Supplement\SigningKeyInstructions.snk.txt = _Supplement\SigningKeyInstructions.snk.txt
	EndProjectSection
EndProject
Project("{FAE04EC0-301F-11D3-BF4B-00C04F79EFBC}") = "0.00_EXE_OpenYSProxy", "_Exectuables\0.00_EXE_OpenYSProxy\0.00_EXE_OpenYSProxy.csproj", "{469D3811-5F93-4EF8-AE8F-230731F34194}"
EndProject
Project("{FAE04EC0-301F-11D3-BF4B-00C04F79EFBC}") = "0.00_EXE_OpenYSAuthenticator", "_Exectuables\0.00_EXE_OpenYSAuthenticator\0.00_EXE_OpenYSAuthenticator.csproj", "{B72150DF-5378-4AD3-91EE-685885C43D60}"
EndProject
Project("{FAE04EC0-301F-11D3-BF4B-00C04F79EFBC}") = "0.00_EXE_Testing", "_Exectuables\0.00_EXE_Testing\0.00_EXE_Testing.csproj", "{D006065E-0E78-4937-B817-53D5A3EEDAF7}"
EndProject
Project("{FAE04EC0-301F-11D3-BF4B-00C04F79EFBC}") = "0.00_EXE_OpenYSServer", "_Exectuables\0.00_EXE_OpenYSServer\0.00_EXE_OpenYSServer.csproj", "{F6671CCB-C95A-4D0B-BF8E-BCF60294D19A}"
EndProject
Project("{FAE04EC0-301F-11D3-BF4B-00C04F79EFBC}") = "1.02_Interfaces", "_Libraries\1_Core\1.02_Interfaces\1.02_Interfaces.csproj", "{60286C68-AB78-4F34-8199-E8CF255AB284}"
EndProject
Project("{FAE04EC0-301F-11D3-BF4B-00C04F79EFBC}") = "1.03_Loggers", "_Libraries\1_Core\1.03_Loggers\1.03_Loggers.csproj", "{F1CA4A7F-8272-4D8E-8569-4D72E55F314B}"
EndProject
Project("{FAE04EC0-301F-11D3-BF4B-00C04F79EFBC}") = "1.04_ExceptionHandling", "_Libraries\1_Core\1.04_ExceptionHandling\1.04_ExceptionHandling.csproj", "{091E7A9F-085E-427A-8679-07C1E4490D7B}"
EndProject
Project("{FAE04EC0-301F-11D3-BF4B-00C04F79EFBC}") = "1.05_FileIO", "_Libraries\1_Core\1.05_FileIO\1.05_FileIO.csproj", "{EB3F7295-FEA3-4EC4-BE07-C9EE2DD776E8}"
EndProject
Project("{FAE04EC0-301F-11D3-BF4B-00C04F79EFBC}") = "1.06_ObjectFactory", "_Libraries\1_Core\1.06_ObjectFactory\1.06_ObjectFactory.csproj", "{EED61364-9B4C-48D8-9FA3-117E3FE3EAA4}"
EndProject
Project("{FAE04EC0-301F-11D3-BF4B-00C04F79EFBC}") = "1.07_Extensions", "_Libraries\1_Core\1.07_Extensions\1.07_Extensions.csproj", "{BB8DD7CB-3E53-4E98-907E-115AD4FADFB5}"
EndProject
Project("{FAE04EC0-301F-11D3-BF4B-00C04F79EFBC}") = "2.01_Color", "_Libraries\2_Components\2.01_Color\2.01_Color.csproj", "{9E97A54F-D837-4B90-B1A0-48F1ABFE1F6B}"
EndProject
Project("{FAE04EC0-301F-11D3-BF4B-00C04F79EFBC}") = "2.01_Database", "_Libraries\2_Components\2.01_Databases\2.01_Database\2.01_Database.csproj", "{B82B5787-1D0E-4EC2-88F9-2C5359DF7E31}"
EndProject
Project("{FAE04EC0-301F-11D3-BF4B-00C04F79EFBC}") = "2.01_Permissions", "_Libraries\2_Components\2.01_Databases\2.01_Permissions\2.01_Permissions.csproj", "{A242C949-4081-4800-92EF-242E6771E767}"
EndProject
Project("{FAE04EC0-301F-11D3-BF4B-00C04F79EFBC}") = "2.01_YSFHQ", "_Libraries\2_Components\2.01_Databases\2.01_YSFHQ\2.01_YSFHQ.csproj", "{9AF66488-66D0-4BFE-96C7-B436E3733480}"
EndProject
Project("{FAE04EC0-301F-11D3-BF4B-00C04F79EFBC}") = "2.01_CoordinateSystems", "_Libraries\2_Components\2.01_Math\2.01_CoordinateSystems\2.01_CoordinateSystems.csproj", "{714AA2CD-08CB-4610-AE53-FA7994D8A0A2}"
EndProject
Project("{FAE04EC0-301F-11D3-BF4B-00C04F79EFBC}") = "2.01_Equations", "_Libraries\2_Components\2.01_Math\2.01_Equations\2.01_Equations.csproj", "{9D0D870C-93E5-4BAA-8387-200A0CC2395D}"
EndProject
Project("{FAE04EC0-301F-11D3-BF4B-00C04F79EFBC}") = "2.01_Statistics", "_Libraries\2_Components\2.01_Math\2.01_Statistics\2.01_Statistics.csproj", "{24009F81-9D6A-48D7-B8D1-EBB599A4D260}"
EndProject
Project("{FAE04EC0-301F-11D3-BF4B-00C04F79EFBC}") = "2.01_Connection", "_Libraries\2_Components\2.01_Networking\2.01_Connection\2.01_Connection.csproj", "{E3529CF0-4AD1-494B-8BBC-B313CB608A79}"
EndProject
Project("{FAE04EC0-301F-11D3-BF4B-00C04F79EFBC}") = "2.01_PacketProcessor", "_Libraries\2_Components\2.01_Networking\2.01_PacketProcessor\2.01_PacketProcessor.csproj", "{4825E8AF-F859-47E0-A1BB-C936604C72EF}"
EndProject
Project("{FAE04EC0-301F-11D3-BF4B-00C04F79EFBC}") = "2.01_Packets", "_Libraries\2_Components\2.01_Networking\2.01_Packets\2.01_Packets.csproj", "{EAD62E25-6A74-432A-801C-4A5C79FC9176}"
EndProject
Project("{FAE04EC0-301F-11D3-BF4B-00C04F79EFBC}") = "2.01_Server", "_Libraries\2_Components\2.01_Networking\2.01_Server\2.01_Server.csproj", "{30F0E352-9FCD-46DA-8503-7137D1001A0C}"
EndProject
Project("{FAE04EC0-301F-11D3-BF4B-00C04F79EFBC}") = "2.01_RichTextMessage", "_Libraries\2_Components\2.01_RichText\2.01_RichTextMessage\2.01_RichTextMessage.csproj", "{CFA4AA58-B4D0-4B19-AF9D-D18780528320}"
EndProject
Project("{FAE04EC0-301F-11D3-BF4B-00C04F79EFBC}") = "2.01_RichTextString", "_Libraries\2_Components\2.01_RichText\2.01_RichTextString\2.01_RichTextString.csproj", "{6A513941-EF4E-46A6-92AA-85ACE6DF2B89}"
EndProject
Project("{FAE04EC0-301F-11D3-BF4B-00C04F79EFBC}") = "2.01_UnitsOfMeasurement", "_Libraries\2_Components\2.01_UnitsOfMeasurement\2.01_UnitsOfMeasurement.csproj", "{BEB82D31-C638-420B-B388-F79D599F2A3F}"
EndProject
Project("{FAE04EC0-301F-11D3-BF4B-00C04F79EFBC}") = "2.01_UserInterfaces", "_Libraries\2_Components\2.01_UserInterfaces\2.01_UserInterfaces.csproj", "{87C6C663-15BE-4C3F-84EE-2A5A861FE022}"
EndProject
Project("{FAE04EC0-301F-11D3-BF4B-00C04F79EFBC}") = "2.01_LSTFile", "_Libraries\2_Components\2.01_YSFlight\2.01_Files\2.01_LSTFile\2.01_LSTFile.csproj", "{1AA42ED0-FE51-4F6F-893D-0833CCFD9D5A}"
EndProject
Project("{FAE04EC0-301F-11D3-BF4B-00C04F79EFBC}") = "2.01_Metadata", "_Libraries\2_Components\2.01_YSFlight\2.01_Metadata\2.01_Metadata.csproj", "{1E6CEF24-35CE-42E0-BD97-9D27EB93ED46}"
EndProject
Project("{FAE04EC0-301F-11D3-BF4B-00C04F79EFBC}") = "2.01_World", "_Libraries\2_Components\2.01_YSFlight\2.01_World\2.01_World.csproj", "{3460E682-D1FE-4CE5-8134-168B9C1D8FEC}"
EndProject
Project("{FAE04EC0-301F-11D3-BF4B-00C04F79EFBC}") = "2.01_YSTypes", "_Libraries\2_Components\2.01_YSFlight\2.01_YSTypes\2.01_YSTypes.csproj", "{9377B52B-3CD6-4EDD-AA19-1C1AE0CC59A0}"
EndProject
Project("{FAE04EC0-301F-11D3-BF4B-00C04F79EFBC}") = "3.00_MasterObjectFactory", "_Libraries\3_Master\3.00_MasterObjectFactory\3.00_MasterObjectFactory.csproj", "{E61ADA91-5CB8-49B1-9418-FB353FF5CB7E}"
EndProject
Project("{FAE04EC0-301F-11D3-BF4B-00C04F79EFBC}") = "1.08_Settings", "_Libraries\1_Core\1.08_Settings\1.08_Settings.csproj", "{22BB1D14-86FD-4192-91A4-BF762A35BF85}"
EndProject
Project("{FAE04EC0-301F-11D3-BF4B-00C04F79EFBC}") = "2.01_DATFile", "_Libraries\2_Components\2.01_YSFlight\2.01_Files\2.01_DATFile\2.01_DATFile.csproj", "{183CC3FE-296E-4518-82E3-AD59B6D092B0}"
EndProject
Project("{FAE04EC0-301F-11D3-BF4B-00C04F79EFBC}") = "1.01_BuildEnvironment", "_Libraries\1_Core\1.01_BuildEnvironment\1.01_BuildEnvironment\1.01_BuildEnvironment.csproj", "{B8DC8F84-F514-4175-8F15-C271FB0862B7}"
EndProject
Global
	GlobalSection(SolutionConfigurationPlatforms) = preSolution
		Debug|Any CPU = Debug|Any CPU
		Debug|x86 = Debug|x86
		Release|Any CPU = Release|Any CPU
		Release|x86 = Release|x86
	EndGlobalSection
	GlobalSection(ProjectConfigurationPlatforms) = postSolution
		{469D3811-5F93-4EF8-AE8F-230731F34194}.Debug|Any CPU.ActiveCfg = Debug|Any CPU
		{469D3811-5F93-4EF8-AE8F-230731F34194}.Debug|Any CPU.Build.0 = Debug|Any CPU
		{469D3811-5F93-4EF8-AE8F-230731F34194}.Debug|x86.ActiveCfg = Debug|x86
		{469D3811-5F93-4EF8-AE8F-230731F34194}.Debug|x86.Build.0 = Debug|x86
		{469D3811-5F93-4EF8-AE8F-230731F34194}.Release|Any CPU.ActiveCfg = Release|Any CPU
		{469D3811-5F93-4EF8-AE8F-230731F34194}.Release|Any CPU.Build.0 = Release|Any CPU
		{469D3811-5F93-4EF8-AE8F-230731F34194}.Release|x86.ActiveCfg = Release|x86
		{469D3811-5F93-4EF8-AE8F-230731F34194}.Release|x86.Build.0 = Release|x86
		{B72150DF-5378-4AD3-91EE-685885C43D60}.Debug|Any CPU.ActiveCfg = Debug|Any CPU
		{B72150DF-5378-4AD3-91EE-685885C43D60}.Debug|Any CPU.Build.0 = Debug|Any CPU
		{B72150DF-5378-4AD3-91EE-685885C43D60}.Debug|x86.ActiveCfg = Debug|x86
		{B72150DF-5378-4AD3-91EE-685885C43D60}.Debug|x86.Build.0 = Debug|x86
		{B72150DF-5378-4AD3-91EE-685885C43D60}.Release|Any CPU.ActiveCfg = Release|Any CPU
		{B72150DF-5378-4AD3-91EE-685885C43D60}.Release|Any CPU.Build.0 = Release|Any CPU
		{B72150DF-5378-4AD3-91EE-685885C43D60}.Release|x86.ActiveCfg = Release|x86
		{B72150DF-5378-4AD3-91EE-685885C43D60}.Release|x86.Build.0 = Release|x86
		{D006065E-0E78-4937-B817-53D5A3EEDAF7}.Debug|Any CPU.ActiveCfg = Debug|Any CPU
		{D006065E-0E78-4937-B817-53D5A3EEDAF7}.Debug|Any CPU.Build.0 = Debug|Any CPU
		{D006065E-0E78-4937-B817-53D5A3EEDAF7}.Debug|x86.ActiveCfg = Debug|x86
		{D006065E-0E78-4937-B817-53D5A3EEDAF7}.Debug|x86.Build.0 = Debug|x86
		{D006065E-0E78-4937-B817-53D5A3EEDAF7}.Release|Any CPU.ActiveCfg = Release|Any CPU
		{D006065E-0E78-4937-B817-53D5A3EEDAF7}.Release|Any CPU.Build.0 = Release|Any CPU
		{D006065E-0E78-4937-B817-53D5A3EEDAF7}.Release|x86.ActiveCfg = Release|x86
		{D006065E-0E78-4937-B817-53D5A3EEDAF7}.Release|x86.Build.0 = Release|x86
		{F6671CCB-C95A-4D0B-BF8E-BCF60294D19A}.Debug|Any CPU.ActiveCfg = Debug|Any CPU
		{F6671CCB-C95A-4D0B-BF8E-BCF60294D19A}.Debug|Any CPU.Build.0 = Debug|Any CPU
		{F6671CCB-C95A-4D0B-BF8E-BCF60294D19A}.Debug|x86.ActiveCfg = Debug|x86
		{F6671CCB-C95A-4D0B-BF8E-BCF60294D19A}.Debug|x86.Build.0 = Debug|x86
		{F6671CCB-C95A-4D0B-BF8E-BCF60294D19A}.Release|Any CPU.ActiveCfg = Release|Any CPU
		{F6671CCB-C95A-4D0B-BF8E-BCF60294D19A}.Release|Any CPU.Build.0 = Release|Any CPU
		{F6671CCB-C95A-4D0B-BF8E-BCF60294D19A}.Release|x86.ActiveCfg = Release|x86
		{F6671CCB-C95A-4D0B-BF8E-BCF60294D19A}.Release|x86.Build.0 = Release|x86
		{60286C68-AB78-4F34-8199-E8CF255AB284}.Debug|Any CPU.ActiveCfg = Debug|Any CPU
		{60286C68-AB78-4F34-8199-E8CF255AB284}.Debug|Any CPU.Build.0 = Debug|Any CPU
		{60286C68-AB78-4F34-8199-E8CF255AB284}.Debug|x86.ActiveCfg = Debug|x86
		{60286C68-AB78-4F34-8199-E8CF255AB284}.Debug|x86.Build.0 = Debug|x86
		{60286C68-AB78-4F34-8199-E8CF255AB284}.Release|Any CPU.ActiveCfg = Release|Any CPU
		{60286C68-AB78-4F34-8199-E8CF255AB284}.Release|Any CPU.Build.0 = Release|Any CPU
		{60286C68-AB78-4F34-8199-E8CF255AB284}.Release|x86.ActiveCfg = Release|x86
		{60286C68-AB78-4F34-8199-E8CF255AB284}.Release|x86.Build.0 = Release|x86
		{F1CA4A7F-8272-4D8E-8569-4D72E55F314B}.Debug|Any CPU.ActiveCfg = Debug|Any CPU
		{F1CA4A7F-8272-4D8E-8569-4D72E55F314B}.Debug|Any CPU.Build.0 = Debug|Any CPU
		{F1CA4A7F-8272-4D8E-8569-4D72E55F314B}.Debug|x86.ActiveCfg = Debug|x86
		{F1CA4A7F-8272-4D8E-8569-4D72E55F314B}.Debug|x86.Build.0 = Debug|x86
		{F1CA4A7F-8272-4D8E-8569-4D72E55F314B}.Release|Any CPU.ActiveCfg = Release|Any CPU
		{F1CA4A7F-8272-4D8E-8569-4D72E55F314B}.Release|Any CPU.Build.0 = Release|Any CPU
		{F1CA4A7F-8272-4D8E-8569-4D72E55F314B}.Release|x86.ActiveCfg = Release|x86
		{F1CA4A7F-8272-4D8E-8569-4D72E55F314B}.Release|x86.Build.0 = Release|x86
		{091E7A9F-085E-427A-8679-07C1E4490D7B}.Debug|Any CPU.ActiveCfg = Debug|Any CPU
		{091E7A9F-085E-427A-8679-07C1E4490D7B}.Debug|Any CPU.Build.0 = Debug|Any CPU
		{091E7A9F-085E-427A-8679-07C1E4490D7B}.Debug|x86.ActiveCfg = Debug|x86
		{091E7A9F-085E-427A-8679-07C1E4490D7B}.Debug|x86.Build.0 = Debug|x86
		{091E7A9F-085E-427A-8679-07C1E4490D7B}.Release|Any CPU.ActiveCfg = Release|Any CPU
		{091E7A9F-085E-427A-8679-07C1E4490D7B}.Release|Any CPU.Build.0 = Release|Any CPU
		{091E7A9F-085E-427A-8679-07C1E4490D7B}.Release|x86.ActiveCfg = Release|x86
		{091E7A9F-085E-427A-8679-07C1E4490D7B}.Release|x86.Build.0 = Release|x86
		{EB3F7295-FEA3-4EC4-BE07-C9EE2DD776E8}.Debug|Any CPU.ActiveCfg = Debug|Any CPU
		{EB3F7295-FEA3-4EC4-BE07-C9EE2DD776E8}.Debug|Any CPU.Build.0 = Debug|Any CPU
		{EB3F7295-FEA3-4EC4-BE07-C9EE2DD776E8}.Debug|x86.ActiveCfg = Debug|x86
		{EB3F7295-FEA3-4EC4-BE07-C9EE2DD776E8}.Debug|x86.Build.0 = Debug|x86
		{EB3F7295-FEA3-4EC4-BE07-C9EE2DD776E8}.Release|Any CPU.ActiveCfg = Release|Any CPU
		{EB3F7295-FEA3-4EC4-BE07-C9EE2DD776E8}.Release|Any CPU.Build.0 = Release|Any CPU
		{EB3F7295-FEA3-4EC4-BE07-C9EE2DD776E8}.Release|x86.ActiveCfg = Release|x86
		{EB3F7295-FEA3-4EC4-BE07-C9EE2DD776E8}.Release|x86.Build.0 = Release|x86
		{EED61364-9B4C-48D8-9FA3-117E3FE3EAA4}.Debug|Any CPU.ActiveCfg = Debug|Any CPU
		{EED61364-9B4C-48D8-9FA3-117E3FE3EAA4}.Debug|Any CPU.Build.0 = Debug|Any CPU
		{EED61364-9B4C-48D8-9FA3-117E3FE3EAA4}.Debug|x86.ActiveCfg = Debug|x86
		{EED61364-9B4C-48D8-9FA3-117E3FE3EAA4}.Debug|x86.Build.0 = Debug|x86
		{EED61364-9B4C-48D8-9FA3-117E3FE3EAA4}.Release|Any CPU.ActiveCfg = Release|Any CPU
		{EED61364-9B4C-48D8-9FA3-117E3FE3EAA4}.Release|Any CPU.Build.0 = Release|Any CPU
		{EED61364-9B4C-48D8-9FA3-117E3FE3EAA4}.Release|x86.ActiveCfg = Release|x86
		{EED61364-9B4C-48D8-9FA3-117E3FE3EAA4}.Release|x86.Build.0 = Release|x86
		{BB8DD7CB-3E53-4E98-907E-115AD4FADFB5}.Debug|Any CPU.ActiveCfg = Debug|Any CPU
		{BB8DD7CB-3E53-4E98-907E-115AD4FADFB5}.Debug|Any CPU.Build.0 = Debug|Any CPU
		{BB8DD7CB-3E53-4E98-907E-115AD4FADFB5}.Debug|x86.ActiveCfg = Debug|x86
		{BB8DD7CB-3E53-4E98-907E-115AD4FADFB5}.Debug|x86.Build.0 = Debug|x86
		{BB8DD7CB-3E53-4E98-907E-115AD4FADFB5}.Release|Any CPU.ActiveCfg = Release|Any CPU
		{BB8DD7CB-3E53-4E98-907E-115AD4FADFB5}.Release|Any CPU.Build.0 = Release|Any CPU
		{BB8DD7CB-3E53-4E98-907E-115AD4FADFB5}.Release|x86.ActiveCfg = Release|x86
		{BB8DD7CB-3E53-4E98-907E-115AD4FADFB5}.Release|x86.Build.0 = Release|x86
		{9E97A54F-D837-4B90-B1A0-48F1ABFE1F6B}.Debug|Any CPU.ActiveCfg = Debug|Any CPU
		{9E97A54F-D837-4B90-B1A0-48F1ABFE1F6B}.Debug|Any CPU.Build.0 = Debug|Any CPU
		{9E97A54F-D837-4B90-B1A0-48F1ABFE1F6B}.Debug|x86.ActiveCfg = Debug|x86
		{9E97A54F-D837-4B90-B1A0-48F1ABFE1F6B}.Debug|x86.Build.0 = Debug|x86
		{9E97A54F-D837-4B90-B1A0-48F1ABFE1F6B}.Release|Any CPU.ActiveCfg = Release|Any CPU
		{9E97A54F-D837-4B90-B1A0-48F1ABFE1F6B}.Release|Any CPU.Build.0 = Release|Any CPU
		{9E97A54F-D837-4B90-B1A0-48F1ABFE1F6B}.Release|x86.ActiveCfg = Release|x86
		{9E97A54F-D837-4B90-B1A0-48F1ABFE1F6B}.Release|x86.Build.0 = Release|x86
		{B82B5787-1D0E-4EC2-88F9-2C5359DF7E31}.Debug|Any CPU.ActiveCfg = Debug|Any CPU
		{B82B5787-1D0E-4EC2-88F9-2C5359DF7E31}.Debug|Any CPU.Build.0 = Debug|Any CPU
		{B82B5787-1D0E-4EC2-88F9-2C5359DF7E31}.Debug|x86.ActiveCfg = Debug|x86
		{B82B5787-1D0E-4EC2-88F9-2C5359DF7E31}.Debug|x86.Build.0 = Debug|x86
		{B82B5787-1D0E-4EC2-88F9-2C5359DF7E31}.Release|Any CPU.ActiveCfg = Release|Any CPU
		{B82B5787-1D0E-4EC2-88F9-2C5359DF7E31}.Release|Any CPU.Build.0 = Release|Any CPU
		{B82B5787-1D0E-4EC2-88F9-2C5359DF7E31}.Release|x86.ActiveCfg = Release|x86
		{B82B5787-1D0E-4EC2-88F9-2C5359DF7E31}.Release|x86.Build.0 = Release|x86
		{A242C949-4081-4800-92EF-242E6771E767}.Debug|Any CPU.ActiveCfg = Debug|Any CPU
		{A242C949-4081-4800-92EF-242E6771E767}.Debug|Any CPU.Build.0 = Debug|Any CPU
		{A242C949-4081-4800-92EF-242E6771E767}.Debug|x86.ActiveCfg = Debug|Any CPU
		{A242C949-4081-4800-92EF-242E6771E767}.Debug|x86.Build.0 = Debug|Any CPU
		{A242C949-4081-4800-92EF-242E6771E767}.Release|Any CPU.ActiveCfg = Release|Any CPU
		{A242C949-4081-4800-92EF-242E6771E767}.Release|Any CPU.Build.0 = Release|Any CPU
		{A242C949-4081-4800-92EF-242E6771E767}.Release|x86.ActiveCfg = Release|Any CPU
		{A242C949-4081-4800-92EF-242E6771E767}.Release|x86.Build.0 = Release|Any CPU
		{9AF66488-66D0-4BFE-96C7-B436E3733480}.Debug|Any CPU.ActiveCfg = Debug|Any CPU
		{9AF66488-66D0-4BFE-96C7-B436E3733480}.Debug|Any CPU.Build.0 = Debug|Any CPU
		{9AF66488-66D0-4BFE-96C7-B436E3733480}.Debug|x86.ActiveCfg = Debug|x86
		{9AF66488-66D0-4BFE-96C7-B436E3733480}.Debug|x86.Build.0 = Debug|x86
		{9AF66488-66D0-4BFE-96C7-B436E3733480}.Release|Any CPU.ActiveCfg = Release|Any CPU
		{9AF66488-66D0-4BFE-96C7-B436E3733480}.Release|Any CPU.Build.0 = Release|Any CPU
		{9AF66488-66D0-4BFE-96C7-B436E3733480}.Release|x86.ActiveCfg = Release|x86
		{9AF66488-66D0-4BFE-96C7-B436E3733480}.Release|x86.Build.0 = Release|x86
		{714AA2CD-08CB-4610-AE53-FA7994D8A0A2}.Debug|Any CPU.ActiveCfg = Debug|Any CPU
		{714AA2CD-08CB-4610-AE53-FA7994D8A0A2}.Debug|Any CPU.Build.0 = Debug|Any CPU
		{714AA2CD-08CB-4610-AE53-FA7994D8A0A2}.Debug|x86.ActiveCfg = Debug|x86
		{714AA2CD-08CB-4610-AE53-FA7994D8A0A2}.Debug|x86.Build.0 = Debug|x86
		{714AA2CD-08CB-4610-AE53-FA7994D8A0A2}.Release|Any CPU.ActiveCfg = Release|Any CPU
		{714AA2CD-08CB-4610-AE53-FA7994D8A0A2}.Release|Any CPU.Build.0 = Release|Any CPU
		{714AA2CD-08CB-4610-AE53-FA7994D8A0A2}.Release|x86.ActiveCfg = Release|x86
		{714AA2CD-08CB-4610-AE53-FA7994D8A0A2}.Release|x86.Build.0 = Release|x86
		{9D0D870C-93E5-4BAA-8387-200A0CC2395D}.Debug|Any CPU.ActiveCfg = Debug|Any CPU
		{9D0D870C-93E5-4BAA-8387-200A0CC2395D}.Debug|Any CPU.Build.0 = Debug|Any CPU
		{9D0D870C-93E5-4BAA-8387-200A0CC2395D}.Debug|x86.ActiveCfg = Debug|x86
		{9D0D870C-93E5-4BAA-8387-200A0CC2395D}.Debug|x86.Build.0 = Debug|x86
		{9D0D870C-93E5-4BAA-8387-200A0CC2395D}.Release|Any CPU.ActiveCfg = Release|Any CPU
		{9D0D870C-93E5-4BAA-8387-200A0CC2395D}.Release|Any CPU.Build.0 = Release|Any CPU
		{9D0D870C-93E5-4BAA-8387-200A0CC2395D}.Release|x86.ActiveCfg = Release|x86
		{9D0D870C-93E5-4BAA-8387-200A0CC2395D}.Release|x86.Build.0 = Release|x86
		{24009F81-9D6A-48D7-B8D1-EBB599A4D260}.Debug|Any CPU.ActiveCfg = Debug|Any CPU
		{24009F81-9D6A-48D7-B8D1-EBB599A4D260}.Debug|Any CPU.Build.0 = Debug|Any CPU
		{24009F81-9D6A-48D7-B8D1-EBB599A4D260}.Debug|x86.ActiveCfg = Debug|x86
		{24009F81-9D6A-48D7-B8D1-EBB599A4D260}.Debug|x86.Build.0 = Debug|x86
		{24009F81-9D6A-48D7-B8D1-EBB599A4D260}.Release|Any CPU.ActiveCfg = Release|Any CPU
		{24009F81-9D6A-48D7-B8D1-EBB599A4D260}.Release|Any CPU.Build.0 = Release|Any CPU
		{24009F81-9D6A-48D7-B8D1-EBB599A4D260}.Release|x86.ActiveCfg = Release|x86
		{24009F81-9D6A-48D7-B8D1-EBB599A4D260}.Release|x86.Build.0 = Release|x86
		{E3529CF0-4AD1-494B-8BBC-B313CB608A79}.Debug|Any CPU.ActiveCfg = Debug|Any CPU
		{E3529CF0-4AD1-494B-8BBC-B313CB608A79}.Debug|Any CPU.Build.0 = Debug|Any CPU
		{E3529CF0-4AD1-494B-8BBC-B313CB608A79}.Debug|x86.ActiveCfg = Debug|x86
		{E3529CF0-4AD1-494B-8BBC-B313CB608A79}.Debug|x86.Build.0 = Debug|x86
		{E3529CF0-4AD1-494B-8BBC-B313CB608A79}.Release|Any CPU.ActiveCfg = Release|Any CPU
		{E3529CF0-4AD1-494B-8BBC-B313CB608A79}.Release|Any CPU.Build.0 = Release|Any CPU
		{E3529CF0-4AD1-494B-8BBC-B313CB608A79}.Release|x86.ActiveCfg = Release|x86
		{E3529CF0-4AD1-494B-8BBC-B313CB608A79}.Release|x86.Build.0 = Release|x86
		{4825E8AF-F859-47E0-A1BB-C936604C72EF}.Debug|Any CPU.ActiveCfg = Debug|Any CPU
		{4825E8AF-F859-47E0-A1BB-C936604C72EF}.Debug|Any CPU.Build.0 = Debug|Any CPU
		{4825E8AF-F859-47E0-A1BB-C936604C72EF}.Debug|x86.ActiveCfg = Debug|x86
		{4825E8AF-F859-47E0-A1BB-C936604C72EF}.Debug|x86.Build.0 = Debug|x86
		{4825E8AF-F859-47E0-A1BB-C936604C72EF}.Release|Any CPU.ActiveCfg = Release|Any CPU
		{4825E8AF-F859-47E0-A1BB-C936604C72EF}.Release|Any CPU.Build.0 = Release|Any CPU
		{4825E8AF-F859-47E0-A1BB-C936604C72EF}.Release|x86.ActiveCfg = Release|x86
		{4825E8AF-F859-47E0-A1BB-C936604C72EF}.Release|x86.Build.0 = Release|x86
		{EAD62E25-6A74-432A-801C-4A5C79FC9176}.Debug|Any CPU.ActiveCfg = Debug|Any CPU
		{EAD62E25-6A74-432A-801C-4A5C79FC9176}.Debug|Any CPU.Build.0 = Debug|Any CPU
		{EAD62E25-6A74-432A-801C-4A5C79FC9176}.Debug|x86.ActiveCfg = Debug|x86
		{EAD62E25-6A74-432A-801C-4A5C79FC9176}.Debug|x86.Build.0 = Debug|x86
		{EAD62E25-6A74-432A-801C-4A5C79FC9176}.Release|Any CPU.ActiveCfg = Release|Any CPU
		{EAD62E25-6A74-432A-801C-4A5C79FC9176}.Release|Any CPU.Build.0 = Release|Any CPU
		{EAD62E25-6A74-432A-801C-4A5C79FC9176}.Release|x86.ActiveCfg = Release|x86
		{EAD62E25-6A74-432A-801C-4A5C79FC9176}.Release|x86.Build.0 = Release|x86
		{30F0E352-9FCD-46DA-8503-7137D1001A0C}.Debug|Any CPU.ActiveCfg = Debug|Any CPU
		{30F0E352-9FCD-46DA-8503-7137D1001A0C}.Debug|Any CPU.Build.0 = Debug|Any CPU
		{30F0E352-9FCD-46DA-8503-7137D1001A0C}.Debug|x86.ActiveCfg = Debug|x86
		{30F0E352-9FCD-46DA-8503-7137D1001A0C}.Debug|x86.Build.0 = Debug|x86
		{30F0E352-9FCD-46DA-8503-7137D1001A0C}.Release|Any CPU.ActiveCfg = Release|Any CPU
		{30F0E352-9FCD-46DA-8503-7137D1001A0C}.Release|Any CPU.Build.0 = Release|Any CPU
		{30F0E352-9FCD-46DA-8503-7137D1001A0C}.Release|x86.ActiveCfg = Release|x86
		{30F0E352-9FCD-46DA-8503-7137D1001A0C}.Release|x86.Build.0 = Release|x86
		{CFA4AA58-B4D0-4B19-AF9D-D18780528320}.Debug|Any CPU.ActiveCfg = Debug|Any CPU
		{CFA4AA58-B4D0-4B19-AF9D-D18780528320}.Debug|Any CPU.Build.0 = Debug|Any CPU
		{CFA4AA58-B4D0-4B19-AF9D-D18780528320}.Debug|x86.ActiveCfg = Debug|x86
		{CFA4AA58-B4D0-4B19-AF9D-D18780528320}.Debug|x86.Build.0 = Debug|x86
		{CFA4AA58-B4D0-4B19-AF9D-D18780528320}.Release|Any CPU.ActiveCfg = Release|Any CPU
		{CFA4AA58-B4D0-4B19-AF9D-D18780528320}.Release|Any CPU.Build.0 = Release|Any CPU
		{CFA4AA58-B4D0-4B19-AF9D-D18780528320}.Release|x86.ActiveCfg = Release|x86
		{CFA4AA58-B4D0-4B19-AF9D-D18780528320}.Release|x86.Build.0 = Release|x86
		{6A513941-EF4E-46A6-92AA-85ACE6DF2B89}.Debug|Any CPU.ActiveCfg = Debug|Any CPU
		{6A513941-EF4E-46A6-92AA-85ACE6DF2B89}.Debug|Any CPU.Build.0 = Debug|Any CPU
		{6A513941-EF4E-46A6-92AA-85ACE6DF2B89}.Debug|x86.ActiveCfg = Debug|x86
		{6A513941-EF4E-46A6-92AA-85ACE6DF2B89}.Debug|x86.Build.0 = Debug|x86
		{6A513941-EF4E-46A6-92AA-85ACE6DF2B89}.Release|Any CPU.ActiveCfg = Release|Any CPU
		{6A513941-EF4E-46A6-92AA-85ACE6DF2B89}.Release|Any CPU.Build.0 = Release|Any CPU
		{6A513941-EF4E-46A6-92AA-85ACE6DF2B89}.Release|x86.ActiveCfg = Release|x86
		{6A513941-EF4E-46A6-92AA-85ACE6DF2B89}.Release|x86.Build.0 = Release|x86
		{BEB82D31-C638-420B-B388-F79D599F2A3F}.Debug|Any CPU.ActiveCfg = Debug|Any CPU
		{BEB82D31-C638-420B-B388-F79D599F2A3F}.Debug|Any CPU.Build.0 = Debug|Any CPU
		{BEB82D31-C638-420B-B388-F79D599F2A3F}.Debug|x86.ActiveCfg = Debug|x86
		{BEB82D31-C638-420B-B388-F79D599F2A3F}.Debug|x86.Build.0 = Debug|x86
		{BEB82D31-C638-420B-B388-F79D599F2A3F}.Release|Any CPU.ActiveCfg = Release|Any CPU
		{BEB82D31-C638-420B-B388-F79D599F2A3F}.Release|Any CPU.Build.0 = Release|Any CPU
		{BEB82D31-C638-420B-B388-F79D599F2A3F}.Release|x86.ActiveCfg = Release|x86
		{BEB82D31-C638-420B-B388-F79D599F2A3F}.Release|x86.Build.0 = Release|x86
		{87C6C663-15BE-4C3F-84EE-2A5A861FE022}.Debug|Any CPU.ActiveCfg = Debug|Any CPU
		{87C6C663-15BE-4C3F-84EE-2A5A861FE022}.Debug|Any CPU.Build.0 = Debug|Any CPU
		{87C6C663-15BE-4C3F-84EE-2A5A861FE022}.Debug|x86.ActiveCfg = Debug|x86
		{87C6C663-15BE-4C3F-84EE-2A5A861FE022}.Debug|x86.Build.0 = Debug|x86
		{87C6C663-15BE-4C3F-84EE-2A5A861FE022}.Release|Any CPU.ActiveCfg = Release|Any CPU
		{87C6C663-15BE-4C3F-84EE-2A5A861FE022}.Release|Any CPU.Build.0 = Release|Any CPU
		{87C6C663-15BE-4C3F-84EE-2A5A861FE022}.Release|x86.ActiveCfg = Release|x86
		{87C6C663-15BE-4C3F-84EE-2A5A861FE022}.Release|x86.Build.0 = Release|x86
		{1AA42ED0-FE51-4F6F-893D-0833CCFD9D5A}.Debug|Any CPU.ActiveCfg = Debug|Any CPU
		{1AA42ED0-FE51-4F6F-893D-0833CCFD9D5A}.Debug|Any CPU.Build.0 = Debug|Any CPU
		{1AA42ED0-FE51-4F6F-893D-0833CCFD9D5A}.Debug|x86.ActiveCfg = Debug|x86
		{1AA42ED0-FE51-4F6F-893D-0833CCFD9D5A}.Debug|x86.Build.0 = Debug|x86
		{1AA42ED0-FE51-4F6F-893D-0833CCFD9D5A}.Release|Any CPU.ActiveCfg = Release|Any CPU
		{1AA42ED0-FE51-4F6F-893D-0833CCFD9D5A}.Release|Any CPU.Build.0 = Release|Any CPU
		{1AA42ED0-FE51-4F6F-893D-0833CCFD9D5A}.Release|x86.ActiveCfg = Release|x86
		{1AA42ED0-FE51-4F6F-893D-0833CCFD9D5A}.Release|x86.Build.0 = Release|x86
		{1E6CEF24-35CE-42E0-BD97-9D27EB93ED46}.Debug|Any CPU.ActiveCfg = Debug|Any CPU
		{1E6CEF24-35CE-42E0-BD97-9D27EB93ED46}.Debug|Any CPU.Build.0 = Debug|Any CPU
		{1E6CEF24-35CE-42E0-BD97-9D27EB93ED46}.Debug|x86.ActiveCfg = Debug|x86
		{1E6CEF24-35CE-42E0-BD97-9D27EB93ED46}.Debug|x86.Build.0 = Debug|x86
		{1E6CEF24-35CE-42E0-BD97-9D27EB93ED46}.Release|Any CPU.ActiveCfg = Release|Any CPU
		{1E6CEF24-35CE-42E0-BD97-9D27EB93ED46}.Release|Any CPU.Build.0 = Release|Any CPU
		{1E6CEF24-35CE-42E0-BD97-9D27EB93ED46}.Release|x86.ActiveCfg = Release|x86
		{1E6CEF24-35CE-42E0-BD97-9D27EB93ED46}.Release|x86.Build.0 = Release|x86
		{3460E682-D1FE-4CE5-8134-168B9C1D8FEC}.Debug|Any CPU.ActiveCfg = Debug|Any CPU
		{3460E682-D1FE-4CE5-8134-168B9C1D8FEC}.Debug|Any CPU.Build.0 = Debug|Any CPU
		{3460E682-D1FE-4CE5-8134-168B9C1D8FEC}.Debug|x86.ActiveCfg = Debug|x86
		{3460E682-D1FE-4CE5-8134-168B9C1D8FEC}.Debug|x86.Build.0 = Debug|x86
		{3460E682-D1FE-4CE5-8134-168B9C1D8FEC}.Release|Any CPU.ActiveCfg = Release|Any CPU
		{3460E682-D1FE-4CE5-8134-168B9C1D8FEC}.Release|Any CPU.Build.0 = Release|Any CPU
		{3460E682-D1FE-4CE5-8134-168B9C1D8FEC}.Release|x86.ActiveCfg = Release|x86
		{3460E682-D1FE-4CE5-8134-168B9C1D8FEC}.Release|x86.Build.0 = Release|x86
		{9377B52B-3CD6-4EDD-AA19-1C1AE0CC59A0}.Debug|Any CPU.ActiveCfg = Debug|Any CPU
		{9377B52B-3CD6-4EDD-AA19-1C1AE0CC59A0}.Debug|Any CPU.Build.0 = Debug|Any CPU
		{9377B52B-3CD6-4EDD-AA19-1C1AE0CC59A0}.Debug|x86.ActiveCfg = Debug|x86
		{9377B52B-3CD6-4EDD-AA19-1C1AE0CC59A0}.Debug|x86.Build.0 = Debug|x86
		{9377B52B-3CD6-4EDD-AA19-1C1AE0CC59A0}.Release|Any CPU.ActiveCfg = Release|Any CPU
		{9377B52B-3CD6-4EDD-AA19-1C1AE0CC59A0}.Release|Any CPU.Build.0 = Release|Any CPU
		{9377B52B-3CD6-4EDD-AA19-1C1AE0CC59A0}.Release|x86.ActiveCfg = Release|x86
		{9377B52B-3CD6-4EDD-AA19-1C1AE0CC59A0}.Release|x86.Build.0 = Release|x86
		{E61ADA91-5CB8-49B1-9418-FB353FF5CB7E}.Debug|Any CPU.ActiveCfg = Debug|Any CPU
		{E61ADA91-5CB8-49B1-9418-FB353FF5CB7E}.Debug|Any CPU.Build.0 = Debug|Any CPU
		{E61ADA91-5CB8-49B1-9418-FB353FF5CB7E}.Debug|x86.ActiveCfg = Debug|x86
		{E61ADA91-5CB8-49B1-9418-FB353FF5CB7E}.Debug|x86.Build.0 = Debug|x86
		{E61ADA91-5CB8-49B1-9418-FB353FF5CB7E}.Release|Any CPU.ActiveCfg = Release|Any CPU
		{E61ADA91-5CB8-49B1-9418-FB353FF5CB7E}.Release|Any CPU.Build.0 = Release|Any CPU
		{E61ADA91-5CB8-49B1-9418-FB353FF5CB7E}.Release|x86.ActiveCfg = Release|x86
		{E61ADA91-5CB8-49B1-9418-FB353FF5CB7E}.Release|x86.Build.0 = Release|x86
		{22BB1D14-86FD-4192-91A4-BF762A35BF85}.Debug|Any CPU.ActiveCfg = Debug|Any CPU
		{22BB1D14-86FD-4192-91A4-BF762A35BF85}.Debug|Any CPU.Build.0 = Debug|Any CPU
		{22BB1D14-86FD-4192-91A4-BF762A35BF85}.Debug|x86.ActiveCfg = Debug|Any CPU
		{22BB1D14-86FD-4192-91A4-BF762A35BF85}.Debug|x86.Build.0 = Debug|Any CPU
		{22BB1D14-86FD-4192-91A4-BF762A35BF85}.Release|Any CPU.ActiveCfg = Release|Any CPU
		{22BB1D14-86FD-4192-91A4-BF762A35BF85}.Release|Any CPU.Build.0 = Release|Any CPU
		{22BB1D14-86FD-4192-91A4-BF762A35BF85}.Release|x86.ActiveCfg = Release|Any CPU
		{22BB1D14-86FD-4192-91A4-BF762A35BF85}.Release|x86.Build.0 = Release|Any CPU
		{183CC3FE-296E-4518-82E3-AD59B6D092B0}.Debug|Any CPU.ActiveCfg = Debug|Any CPU
		{183CC3FE-296E-4518-82E3-AD59B6D092B0}.Debug|Any CPU.Build.0 = Debug|Any CPU
		{183CC3FE-296E-4518-82E3-AD59B6D092B0}.Debug|x86.ActiveCfg = Debug|x86
		{183CC3FE-296E-4518-82E3-AD59B6D092B0}.Debug|x86.Build.0 = Debug|x86
		{183CC3FE-296E-4518-82E3-AD59B6D092B0}.Release|Any CPU.ActiveCfg = Release|Any CPU
		{183CC3FE-296E-4518-82E3-AD59B6D092B0}.Release|Any CPU.Build.0 = Release|Any CPU
		{183CC3FE-296E-4518-82E3-AD59B6D092B0}.Release|x86.ActiveCfg = Release|x86
		{183CC3FE-296E-4518-82E3-AD59B6D092B0}.Release|x86.Build.0 = Release|x86
		{B8DC8F84-F514-4175-8F15-C271FB0862B7}.Debug|Any CPU.ActiveCfg = Debug|Any CPU
		{B8DC8F84-F514-4175-8F15-C271FB0862B7}.Debug|Any CPU.Build.0 = Debug|Any CPU
		{B8DC8F84-F514-4175-8F15-C271FB0862B7}.Debug|x86.ActiveCfg = Debug|Any CPU
		{B8DC8F84-F514-4175-8F15-C271FB0862B7}.Debug|x86.Build.0 = Debug|Any CPU
		{B8DC8F84-F514-4175-8F15-C271FB0862B7}.Release|Any CPU.ActiveCfg = Release|Any CPU
		{B8DC8F84-F514-4175-8F15-C271FB0862B7}.Release|Any CPU.Build.0 = Release|Any CPU
		{B8DC8F84-F514-4175-8F15-C271FB0862B7}.Release|x86.ActiveCfg = Release|Any CPU
		{B8DC8F84-F514-4175-8F15-C271FB0862B7}.Release|x86.Build.0 = Release|Any CPU
	EndGlobalSection
	GlobalSection(SolutionProperties) = preSolution
		HideSolutionNode = FALSE
	EndGlobalSection
	GlobalSection(NestedProjects) = preSolution
		{B85F99E4-3F77-4828-80C1-DE0099CD5E28} = {65AF4794-AADD-4029-B4A3-EFAA1FE0F2FA}
		{78D66966-73BA-4B16-B452-52C712FC8F9B} = {65AF4794-AADD-4029-B4A3-EFAA1FE0F2FA}
		{8C3FA163-8EBA-46C3-85BE-64EB21701353} = {65AF4794-AADD-4029-B4A3-EFAA1FE0F2FA}
		{B0E7687E-B54C-429E-BDEF-473C12A1E2EB} = {8C3FA163-8EBA-46C3-85BE-64EB21701353}
		{11174DE1-0026-4E4E-9CF7-57476F7121E9} = {65AF4794-AADD-4029-B4A3-EFAA1FE0F2FA}
		{904C8082-1AA0-48AB-ADD3-51A0D69E0278} = {34A02763-5FCF-4D80-AC04-51C2B5B9E8AF}
		{B03110EC-C35D-4C63-A911-99B152854A0D} = {34A02763-5FCF-4D80-AC04-51C2B5B9E8AF}
		{121A9A3E-3D2B-4335-BA07-92C54C41230C} = {65AF4794-AADD-4029-B4A3-EFAA1FE0F2FA}
		{312948DC-3326-4FEE-B93F-3DE8AA021093} = {65AF4794-AADD-4029-B4A3-EFAA1FE0F2FA}
		{FE19A8F9-0921-45DB-A776-7F35033041E7} = {65AF4794-AADD-4029-B4A3-EFAA1FE0F2FA}
		{513F2903-0CE9-4C65-9D18-869FAD97366A} = {65AF4794-AADD-4029-B4A3-EFAA1FE0F2FA}
		{49C7C96E-F161-4278-9846-685F5DB44CAC} = {65AF4794-AADD-4029-B4A3-EFAA1FE0F2FA}
		{30FBF19A-9C05-4C25-A774-B81D431DD80C} = {34A02763-5FCF-4D80-AC04-51C2B5B9E8AF}
		{2645CB3B-B051-4242-BCF3-FCFC3AD4FBC2} = {34A02763-5FCF-4D80-AC04-51C2B5B9E8AF}
		{0AA90E5B-9078-4C8A-8FD6-4D71CFEE88A7} = {34A02763-5FCF-4D80-AC04-51C2B5B9E8AF}
		{752E1E80-4B98-408F-8D0D-9D9736B5B43E} = {34A02763-5FCF-4D80-AC04-51C2B5B9E8AF}
		{D2A955B0-266F-48DE-A686-D479CB944D9C} = {393342B8-3254-4C91-A4AB-7D80E569A552}
		{FEB42109-5C5B-41B5-8B0A-AD6CFB25AA97} = {34A02763-5FCF-4D80-AC04-51C2B5B9E8AF}
		{65AF4794-AADD-4029-B4A3-EFAA1FE0F2FA} = {393342B8-3254-4C91-A4AB-7D80E569A552}
		{34A02763-5FCF-4D80-AC04-51C2B5B9E8AF} = {393342B8-3254-4C91-A4AB-7D80E569A552}
		{6D200111-B4C2-4A66-9F10-0DEE51E3CDBC} = {D2A955B0-266F-48DE-A686-D479CB944D9C}
		{093C7C0C-F64D-4480-B602-F050201CC65B} = {26A80C4F-DCEB-4B4D-BB58-68A6551FF760}
		{9653CA2C-ED6E-479F-8C84-E5C8029404D8} = {34A02763-5FCF-4D80-AC04-51C2B5B9E8AF}
		{469D3811-5F93-4EF8-AE8F-230731F34194} = {093C7C0C-F64D-4480-B602-F050201CC65B}
		{B72150DF-5378-4AD3-91EE-685885C43D60} = {093C7C0C-F64D-4480-B602-F050201CC65B}
		{D006065E-0E78-4937-B817-53D5A3EEDAF7} = {093C7C0C-F64D-4480-B602-F050201CC65B}
		{F6671CCB-C95A-4D0B-BF8E-BCF60294D19A} = {093C7C0C-F64D-4480-B602-F050201CC65B}
		{60286C68-AB78-4F34-8199-E8CF255AB284} = {2645CB3B-B051-4242-BCF3-FCFC3AD4FBC2}
		{F1CA4A7F-8272-4D8E-8569-4D72E55F314B} = {0AA90E5B-9078-4C8A-8FD6-4D71CFEE88A7}
		{091E7A9F-085E-427A-8679-07C1E4490D7B} = {752E1E80-4B98-408F-8D0D-9D9736B5B43E}
		{EB3F7295-FEA3-4EC4-BE07-C9EE2DD776E8} = {B03110EC-C35D-4C63-A911-99B152854A0D}
		{EED61364-9B4C-48D8-9FA3-117E3FE3EAA4} = {FEB42109-5C5B-41B5-8B0A-AD6CFB25AA97}
		{BB8DD7CB-3E53-4E98-907E-115AD4FADFB5} = {904C8082-1AA0-48AB-ADD3-51A0D69E0278}
		{9E97A54F-D837-4B90-B1A0-48F1ABFE1F6B} = {312948DC-3326-4FEE-B93F-3DE8AA021093}
		{B82B5787-1D0E-4EC2-88F9-2C5359DF7E31} = {FE19A8F9-0921-45DB-A776-7F35033041E7}
		{A242C949-4081-4800-92EF-242E6771E767} = {FE19A8F9-0921-45DB-A776-7F35033041E7}
		{9AF66488-66D0-4BFE-96C7-B436E3733480} = {FE19A8F9-0921-45DB-A776-7F35033041E7}
		{714AA2CD-08CB-4610-AE53-FA7994D8A0A2} = {11174DE1-0026-4E4E-9CF7-57476F7121E9}
		{9D0D870C-93E5-4BAA-8387-200A0CC2395D} = {11174DE1-0026-4E4E-9CF7-57476F7121E9}
		{24009F81-9D6A-48D7-B8D1-EBB599A4D260} = {11174DE1-0026-4E4E-9CF7-57476F7121E9}
		{E3529CF0-4AD1-494B-8BBC-B313CB608A79} = {49C7C96E-F161-4278-9846-685F5DB44CAC}
		{4825E8AF-F859-47E0-A1BB-C936604C72EF} = {49C7C96E-F161-4278-9846-685F5DB44CAC}
		{EAD62E25-6A74-432A-801C-4A5C79FC9176} = {49C7C96E-F161-4278-9846-685F5DB44CAC}
		{30F0E352-9FCD-46DA-8503-7137D1001A0C} = {49C7C96E-F161-4278-9846-685F5DB44CAC}
		{CFA4AA58-B4D0-4B19-AF9D-D18780528320} = {121A9A3E-3D2B-4335-BA07-92C54C41230C}
		{6A513941-EF4E-46A6-92AA-85ACE6DF2B89} = {121A9A3E-3D2B-4335-BA07-92C54C41230C}
		{BEB82D31-C638-420B-B388-F79D599F2A3F} = {78D66966-73BA-4B16-B452-52C712FC8F9B}
		{87C6C663-15BE-4C3F-84EE-2A5A861FE022} = {B85F99E4-3F77-4828-80C1-DE0099CD5E28}
		{1AA42ED0-FE51-4F6F-893D-0833CCFD9D5A} = {B0E7687E-B54C-429E-BDEF-473C12A1E2EB}
		{1E6CEF24-35CE-42E0-BD97-9D27EB93ED46} = {8C3FA163-8EBA-46C3-85BE-64EB21701353}
		{3460E682-D1FE-4CE5-8134-168B9C1D8FEC} = {8C3FA163-8EBA-46C3-85BE-64EB21701353}
		{9377B52B-3CD6-4EDD-AA19-1C1AE0CC59A0} = {8C3FA163-8EBA-46C3-85BE-64EB21701353}
		{E61ADA91-5CB8-49B1-9418-FB353FF5CB7E} = {6D200111-B4C2-4A66-9F10-0DEE51E3CDBC}
		{22BB1D14-86FD-4192-91A4-BF762A35BF85} = {30FBF19A-9C05-4C25-A774-B81D431DD80C}
		{183CC3FE-296E-4518-82E3-AD59B6D092B0} = {B0E7687E-B54C-429E-BDEF-473C12A1E2EB}
		{B8DC8F84-F514-4175-8F15-C271FB0862B7} = {9653CA2C-ED6E-479F-8C84-E5C8029404D8}
	EndGlobalSection
	GlobalSection(ExtensibilityGlobals) = postSolution
		SolutionGuid = {E5D15688-AE67-4A81-B42E-29A6D9E25018}
	EndGlobalSection
	GlobalSection(Performance) = preSolution
		HasPerformanceSessions = true
	EndGlobalSection
EndGlobal
