
Microsoft Visual Studio Solution File, Format Version 12.00
# Visual Studio 15
VisualStudioVersion = 15.0.27004.2008
MinimumVisualStudioVersion = 10.0.40219.1
Project("{FAE04EC0-301F-11D3-BF4B-00C04F79EFBC}") = "Testing", "_Exectuables\Testing\Testing.csproj", "{D006065E-0E78-4937-B817-53D5A3EEDAF7}"
EndProject
Project("{2150E333-8FDC-42A3-9474-1A3956D46DE8}") = "_Executables", "_Executables", "{26A80C4F-DCEB-4B4D-BB58-68A6551FF760}"
EndProject
Project("{2150E333-8FDC-42A3-9474-1A3956D46DE8}") = "Libraries", "Libraries", "{393342B8-3254-4C91-A4AB-7D80E569A552}"
	ProjectSection(SolutionItems) = preProject
		Libraries\NOTES.txt = Libraries\NOTES.txt
	EndProjectSection
EndProject
Project("{2150E333-8FDC-42A3-9474-1A3956D46DE8}") = "UserInterfaces", "UserInterfaces", "{B85F99E4-3F77-4828-80C1-DE0099CD5E28}"
EndProject
Project("{2150E333-8FDC-42A3-9474-1A3956D46DE8}") = "UnitsOfMeasurement", "UnitsOfMeasurement", "{78D66966-73BA-4B16-B452-52C712FC8F9B}"
EndProject
Project("{FAE04EC0-301F-11D3-BF4B-00C04F79EFBC}") = "UnitsOfMeasurement", "Libraries\UnitsOfMeasurement\UnitsOfMeasurement.csproj", "{BEB82D31-C638-420B-B388-F79D599F2A3F}"
EndProject
Project("{2150E333-8FDC-42A3-9474-1A3956D46DE8}") = "YSFlight", "YSFlight", "{8C3FA163-8EBA-46C3-85BE-64EB21701353}"
EndProject
Project("{FAE04EC0-301F-11D3-BF4B-00C04F79EFBC}") = "YSTypes", "Libraries\YSFlight\YSTypes\YSTypes.csproj", "{9377B52B-3CD6-4EDD-AA19-1C1AE0CC59A0}"
EndProject
Project("{FAE04EC0-301F-11D3-BF4B-00C04F79EFBC}") = "CommandFile", "Libraries\YSFlight\Files\CommandFile\CommandFile.csproj", "{52A2AD5E-9FEB-4EC4-B944-2BF74A2BE125}"
EndProject
Project("{2150E333-8FDC-42A3-9474-1A3956D46DE8}") = "Files", "Files", "{B0E7687E-B54C-429E-BDEF-473C12A1E2EB}"
EndProject
Project("{FAE04EC0-301F-11D3-BF4B-00C04F79EFBC}") = "Statistics", "Libraries\Math\Statistics\Statistics.csproj", "{24009F81-9D6A-48D7-B8D1-EBB599A4D260}"
EndProject
Project("{2150E333-8FDC-42A3-9474-1A3956D46DE8}") = "Math", "Math", "{11174DE1-0026-4E4E-9CF7-57476F7121E9}"
EndProject
Project("{FAE04EC0-301F-11D3-BF4B-00C04F79EFBC}") = "Equations", "Libraries\Math\Equations\Equations.csproj", "{9D0D870C-93E5-4BAA-8387-200A0CC2395D}"
EndProject
Project("{2150E333-8FDC-42A3-9474-1A3956D46DE8}") = "Extensions", "Extensions", "{904C8082-1AA0-48AB-ADD3-51A0D69E0278}"
EndProject
Project("{2150E333-8FDC-42A3-9474-1A3956D46DE8}") = "IO", "IO", "{B03110EC-C35D-4C63-A911-99B152854A0D}"
EndProject
Project("{FAE04EC0-301F-11D3-BF4B-00C04F79EFBC}") = "Extensions", "Libraries\Extensions\Extensions.csproj", "{BB8DD7CB-3E53-4E98-907E-115AD4FADFB5}"
EndProject
Project("{FAE04EC0-301F-11D3-BF4B-00C04F79EFBC}") = "IO", "Libraries\IO\IO.csproj", "{EB3F7295-FEA3-4EC4-BE07-C9EE2DD776E8}"
EndProject
Project("{FAE04EC0-301F-11D3-BF4B-00C04F79EFBC}") = "CoordinateSystems", "Libraries\Math\CoordinateSystems\CoordinateSystems.csproj", "{714AA2CD-08CB-4610-AE53-FA7994D8A0A2}"
EndProject
Project("{2150E333-8FDC-42A3-9474-1A3956D46DE8}") = "RichText", "RichText", "{121A9A3E-3D2B-4335-BA07-92C54C41230C}"
EndProject
Project("{2150E333-8FDC-42A3-9474-1A3956D46DE8}") = "Color", "Color", "{312948DC-3326-4FEE-B93F-3DE8AA021093}"
EndProject
Project("{FAE04EC0-301F-11D3-BF4B-00C04F79EFBC}") = "Color", "Libraries\Color\Color.csproj", "{9E97A54F-D837-4B90-B1A0-48F1ABFE1F6B}"
EndProject
Project("{2150E333-8FDC-42A3-9474-1A3956D46DE8}") = "Databases", "Databases", "{FE19A8F9-0921-45DB-A776-7F35033041E7}"
EndProject
Project("{FAE04EC0-301F-11D3-BF4B-00C04F79EFBC}") = "RichTextMessage", "Libraries\RichText\RichTextMessage\RichTextMessage.csproj", "{CFA4AA58-B4D0-4B19-AF9D-D18780528320}"
EndProject
Project("{FAE04EC0-301F-11D3-BF4B-00C04F79EFBC}") = "RichTextString", "Libraries\RichText\RichTextString\RichTextString.csproj", "{6A513941-EF4E-46A6-92AA-85ACE6DF2B89}"
EndProject
Project("{FAE04EC0-301F-11D3-BF4B-00C04F79EFBC}") = "YSFHQ", "Libraries\Databases\YSFHQ\YSFHQ.csproj", "{9AF66488-66D0-4BFE-96C7-B436E3733480}"
EndProject
Project("{FAE04EC0-301F-11D3-BF4B-00C04F79EFBC}") = "UserInterfaces", "Libraries\UserInterfaces\UserInterfaces.csproj", "{5C04E821-5DAD-4D67-BD01-70E4ADB56E94}"
EndProject
Project("{FAE04EC0-301F-11D3-BF4B-00C04F79EFBC}") = "Database", "Libraries\Databases\Database.csproj", "{B82B5787-1D0E-4EC2-88F9-2C5359DF7E31}"
EndProject
Project("{FAE04EC0-301F-11D3-BF4B-00C04F79EFBC}") = "DATFile", "Libraries\YSFlight\Files\DATFile\DATFile.csproj", "{183CC3FE-296E-4518-82E3-AD59B6D092B0}"
EndProject
Project("{FAE04EC0-301F-11D3-BF4B-00C04F79EFBC}") = "LSTFile", "Libraries\YSFlight\Files\LSTFile\LSTFile.csproj", "{1AA42ED0-FE51-4F6F-893D-0833CCFD9D5A}"
EndProject
Project("{2150E333-8FDC-42A3-9474-1A3956D46DE8}") = "Icons", "Icons", "{513F2903-0CE9-4C65-9D18-869FAD97366A}"
	ProjectSection(SolutionItems) = preProject
		Libraries\Icons\OfficerFlake.ico = Libraries\Icons\OfficerFlake.ico
	EndProjectSection
EndProject
Project("{FAE04EC0-301F-11D3-BF4B-00C04F79EFBC}") = "Permissions", "Libraries\Databases\Permissions\Permissions.csproj", "{A242C949-4081-4800-92EF-242E6771E767}"
EndProject
Project("{FAE04EC0-301F-11D3-BF4B-00C04F79EFBC}") = "OpenYSAutoLoginService", "_Exectuables\OpenYSAutoLoginService\OpenYSAutoLoginService.csproj", "{B72150DF-5378-4AD3-91EE-685885C43D60}"
EndProject
Global
	GlobalSection(SolutionConfigurationPlatforms) = preSolution
		Debug|Any CPU = Debug|Any CPU
		Release|Any CPU = Release|Any CPU
	EndGlobalSection
	GlobalSection(ProjectConfigurationPlatforms) = postSolution
		{D006065E-0E78-4937-B817-53D5A3EEDAF7}.Debug|Any CPU.ActiveCfg = Debug|Any CPU
		{D006065E-0E78-4937-B817-53D5A3EEDAF7}.Debug|Any CPU.Build.0 = Debug|Any CPU
		{D006065E-0E78-4937-B817-53D5A3EEDAF7}.Release|Any CPU.ActiveCfg = Release|Any CPU
		{D006065E-0E78-4937-B817-53D5A3EEDAF7}.Release|Any CPU.Build.0 = Release|Any CPU
		{BEB82D31-C638-420B-B388-F79D599F2A3F}.Debug|Any CPU.ActiveCfg = Debug|Any CPU
		{BEB82D31-C638-420B-B388-F79D599F2A3F}.Debug|Any CPU.Build.0 = Debug|Any CPU
		{BEB82D31-C638-420B-B388-F79D599F2A3F}.Release|Any CPU.ActiveCfg = Release|Any CPU
		{BEB82D31-C638-420B-B388-F79D599F2A3F}.Release|Any CPU.Build.0 = Release|Any CPU
		{9377B52B-3CD6-4EDD-AA19-1C1AE0CC59A0}.Debug|Any CPU.ActiveCfg = Debug|Any CPU
		{9377B52B-3CD6-4EDD-AA19-1C1AE0CC59A0}.Debug|Any CPU.Build.0 = Debug|Any CPU
		{9377B52B-3CD6-4EDD-AA19-1C1AE0CC59A0}.Release|Any CPU.ActiveCfg = Release|Any CPU
		{9377B52B-3CD6-4EDD-AA19-1C1AE0CC59A0}.Release|Any CPU.Build.0 = Release|Any CPU
		{52A2AD5E-9FEB-4EC4-B944-2BF74A2BE125}.Debug|Any CPU.ActiveCfg = Debug|Any CPU
		{52A2AD5E-9FEB-4EC4-B944-2BF74A2BE125}.Debug|Any CPU.Build.0 = Debug|Any CPU
		{52A2AD5E-9FEB-4EC4-B944-2BF74A2BE125}.Release|Any CPU.ActiveCfg = Release|Any CPU
		{52A2AD5E-9FEB-4EC4-B944-2BF74A2BE125}.Release|Any CPU.Build.0 = Release|Any CPU
		{24009F81-9D6A-48D7-B8D1-EBB599A4D260}.Debug|Any CPU.ActiveCfg = Debug|Any CPU
		{24009F81-9D6A-48D7-B8D1-EBB599A4D260}.Debug|Any CPU.Build.0 = Debug|Any CPU
		{24009F81-9D6A-48D7-B8D1-EBB599A4D260}.Release|Any CPU.ActiveCfg = Release|Any CPU
		{24009F81-9D6A-48D7-B8D1-EBB599A4D260}.Release|Any CPU.Build.0 = Release|Any CPU
		{9D0D870C-93E5-4BAA-8387-200A0CC2395D}.Debug|Any CPU.ActiveCfg = Debug|Any CPU
		{9D0D870C-93E5-4BAA-8387-200A0CC2395D}.Debug|Any CPU.Build.0 = Debug|Any CPU
		{9D0D870C-93E5-4BAA-8387-200A0CC2395D}.Release|Any CPU.ActiveCfg = Release|Any CPU
		{9D0D870C-93E5-4BAA-8387-200A0CC2395D}.Release|Any CPU.Build.0 = Release|Any CPU
		{BB8DD7CB-3E53-4E98-907E-115AD4FADFB5}.Debug|Any CPU.ActiveCfg = Debug|Any CPU
		{BB8DD7CB-3E53-4E98-907E-115AD4FADFB5}.Debug|Any CPU.Build.0 = Debug|Any CPU
		{BB8DD7CB-3E53-4E98-907E-115AD4FADFB5}.Release|Any CPU.ActiveCfg = Release|Any CPU
		{BB8DD7CB-3E53-4E98-907E-115AD4FADFB5}.Release|Any CPU.Build.0 = Release|Any CPU
		{EB3F7295-FEA3-4EC4-BE07-C9EE2DD776E8}.Debug|Any CPU.ActiveCfg = Debug|Any CPU
		{EB3F7295-FEA3-4EC4-BE07-C9EE2DD776E8}.Debug|Any CPU.Build.0 = Debug|Any CPU
		{EB3F7295-FEA3-4EC4-BE07-C9EE2DD776E8}.Release|Any CPU.ActiveCfg = Release|Any CPU
		{EB3F7295-FEA3-4EC4-BE07-C9EE2DD776E8}.Release|Any CPU.Build.0 = Release|Any CPU
		{714AA2CD-08CB-4610-AE53-FA7994D8A0A2}.Debug|Any CPU.ActiveCfg = Debug|Any CPU
		{714AA2CD-08CB-4610-AE53-FA7994D8A0A2}.Debug|Any CPU.Build.0 = Debug|Any CPU
		{714AA2CD-08CB-4610-AE53-FA7994D8A0A2}.Release|Any CPU.ActiveCfg = Release|Any CPU
		{714AA2CD-08CB-4610-AE53-FA7994D8A0A2}.Release|Any CPU.Build.0 = Release|Any CPU
		{9E97A54F-D837-4B90-B1A0-48F1ABFE1F6B}.Debug|Any CPU.ActiveCfg = Debug|Any CPU
		{9E97A54F-D837-4B90-B1A0-48F1ABFE1F6B}.Debug|Any CPU.Build.0 = Debug|Any CPU
		{9E97A54F-D837-4B90-B1A0-48F1ABFE1F6B}.Release|Any CPU.ActiveCfg = Release|Any CPU
		{9E97A54F-D837-4B90-B1A0-48F1ABFE1F6B}.Release|Any CPU.Build.0 = Release|Any CPU
		{CFA4AA58-B4D0-4B19-AF9D-D18780528320}.Debug|Any CPU.ActiveCfg = Debug|Any CPU
		{CFA4AA58-B4D0-4B19-AF9D-D18780528320}.Debug|Any CPU.Build.0 = Debug|Any CPU
		{CFA4AA58-B4D0-4B19-AF9D-D18780528320}.Release|Any CPU.ActiveCfg = Release|Any CPU
		{CFA4AA58-B4D0-4B19-AF9D-D18780528320}.Release|Any CPU.Build.0 = Release|Any CPU
		{6A513941-EF4E-46A6-92AA-85ACE6DF2B89}.Debug|Any CPU.ActiveCfg = Debug|Any CPU
		{6A513941-EF4E-46A6-92AA-85ACE6DF2B89}.Debug|Any CPU.Build.0 = Debug|Any CPU
		{6A513941-EF4E-46A6-92AA-85ACE6DF2B89}.Release|Any CPU.ActiveCfg = Release|Any CPU
		{6A513941-EF4E-46A6-92AA-85ACE6DF2B89}.Release|Any CPU.Build.0 = Release|Any CPU
		{9AF66488-66D0-4BFE-96C7-B436E3733480}.Debug|Any CPU.ActiveCfg = Debug|Any CPU
		{9AF66488-66D0-4BFE-96C7-B436E3733480}.Debug|Any CPU.Build.0 = Debug|Any CPU
		{9AF66488-66D0-4BFE-96C7-B436E3733480}.Release|Any CPU.ActiveCfg = Release|Any CPU
		{9AF66488-66D0-4BFE-96C7-B436E3733480}.Release|Any CPU.Build.0 = Release|Any CPU
		{5C04E821-5DAD-4D67-BD01-70E4ADB56E94}.Debug|Any CPU.ActiveCfg = Debug|Any CPU
		{5C04E821-5DAD-4D67-BD01-70E4ADB56E94}.Debug|Any CPU.Build.0 = Debug|Any CPU
		{5C04E821-5DAD-4D67-BD01-70E4ADB56E94}.Release|Any CPU.ActiveCfg = Release|Any CPU
		{5C04E821-5DAD-4D67-BD01-70E4ADB56E94}.Release|Any CPU.Build.0 = Release|Any CPU
		{B82B5787-1D0E-4EC2-88F9-2C5359DF7E31}.Debug|Any CPU.ActiveCfg = Debug|Any CPU
		{B82B5787-1D0E-4EC2-88F9-2C5359DF7E31}.Debug|Any CPU.Build.0 = Debug|Any CPU
		{B82B5787-1D0E-4EC2-88F9-2C5359DF7E31}.Release|Any CPU.ActiveCfg = Release|Any CPU
		{B82B5787-1D0E-4EC2-88F9-2C5359DF7E31}.Release|Any CPU.Build.0 = Release|Any CPU
		{183CC3FE-296E-4518-82E3-AD59B6D092B0}.Debug|Any CPU.ActiveCfg = Debug|Any CPU
		{183CC3FE-296E-4518-82E3-AD59B6D092B0}.Debug|Any CPU.Build.0 = Debug|Any CPU
		{183CC3FE-296E-4518-82E3-AD59B6D092B0}.Release|Any CPU.ActiveCfg = Release|Any CPU
		{183CC3FE-296E-4518-82E3-AD59B6D092B0}.Release|Any CPU.Build.0 = Release|Any CPU
		{1AA42ED0-FE51-4F6F-893D-0833CCFD9D5A}.Debug|Any CPU.ActiveCfg = Debug|Any CPU
		{1AA42ED0-FE51-4F6F-893D-0833CCFD9D5A}.Debug|Any CPU.Build.0 = Debug|Any CPU
		{1AA42ED0-FE51-4F6F-893D-0833CCFD9D5A}.Release|Any CPU.ActiveCfg = Release|Any CPU
		{1AA42ED0-FE51-4F6F-893D-0833CCFD9D5A}.Release|Any CPU.Build.0 = Release|Any CPU
		{A242C949-4081-4800-92EF-242E6771E767}.Debug|Any CPU.ActiveCfg = Debug|Any CPU
		{A242C949-4081-4800-92EF-242E6771E767}.Debug|Any CPU.Build.0 = Debug|Any CPU
		{A242C949-4081-4800-92EF-242E6771E767}.Release|Any CPU.ActiveCfg = Release|Any CPU
		{A242C949-4081-4800-92EF-242E6771E767}.Release|Any CPU.Build.0 = Release|Any CPU
		{B72150DF-5378-4AD3-91EE-685885C43D60}.Debug|Any CPU.ActiveCfg = Debug|Any CPU
		{B72150DF-5378-4AD3-91EE-685885C43D60}.Debug|Any CPU.Build.0 = Debug|Any CPU
		{B72150DF-5378-4AD3-91EE-685885C43D60}.Release|Any CPU.ActiveCfg = Release|Any CPU
		{B72150DF-5378-4AD3-91EE-685885C43D60}.Release|Any CPU.Build.0 = Release|Any CPU
	EndGlobalSection
	GlobalSection(SolutionProperties) = preSolution
		HideSolutionNode = FALSE
	EndGlobalSection
	GlobalSection(NestedProjects) = preSolution
		{D006065E-0E78-4937-B817-53D5A3EEDAF7} = {26A80C4F-DCEB-4B4D-BB58-68A6551FF760}
		{B85F99E4-3F77-4828-80C1-DE0099CD5E28} = {393342B8-3254-4C91-A4AB-7D80E569A552}
		{78D66966-73BA-4B16-B452-52C712FC8F9B} = {393342B8-3254-4C91-A4AB-7D80E569A552}
		{BEB82D31-C638-420B-B388-F79D599F2A3F} = {78D66966-73BA-4B16-B452-52C712FC8F9B}
		{8C3FA163-8EBA-46C3-85BE-64EB21701353} = {393342B8-3254-4C91-A4AB-7D80E569A552}
		{9377B52B-3CD6-4EDD-AA19-1C1AE0CC59A0} = {8C3FA163-8EBA-46C3-85BE-64EB21701353}
		{52A2AD5E-9FEB-4EC4-B944-2BF74A2BE125} = {B0E7687E-B54C-429E-BDEF-473C12A1E2EB}
		{B0E7687E-B54C-429E-BDEF-473C12A1E2EB} = {8C3FA163-8EBA-46C3-85BE-64EB21701353}
		{24009F81-9D6A-48D7-B8D1-EBB599A4D260} = {11174DE1-0026-4E4E-9CF7-57476F7121E9}
		{11174DE1-0026-4E4E-9CF7-57476F7121E9} = {393342B8-3254-4C91-A4AB-7D80E569A552}
		{9D0D870C-93E5-4BAA-8387-200A0CC2395D} = {11174DE1-0026-4E4E-9CF7-57476F7121E9}
		{904C8082-1AA0-48AB-ADD3-51A0D69E0278} = {393342B8-3254-4C91-A4AB-7D80E569A552}
		{B03110EC-C35D-4C63-A911-99B152854A0D} = {393342B8-3254-4C91-A4AB-7D80E569A552}
		{BB8DD7CB-3E53-4E98-907E-115AD4FADFB5} = {904C8082-1AA0-48AB-ADD3-51A0D69E0278}
		{EB3F7295-FEA3-4EC4-BE07-C9EE2DD776E8} = {B03110EC-C35D-4C63-A911-99B152854A0D}
		{714AA2CD-08CB-4610-AE53-FA7994D8A0A2} = {11174DE1-0026-4E4E-9CF7-57476F7121E9}
		{121A9A3E-3D2B-4335-BA07-92C54C41230C} = {393342B8-3254-4C91-A4AB-7D80E569A552}
		{312948DC-3326-4FEE-B93F-3DE8AA021093} = {393342B8-3254-4C91-A4AB-7D80E569A552}
		{9E97A54F-D837-4B90-B1A0-48F1ABFE1F6B} = {312948DC-3326-4FEE-B93F-3DE8AA021093}
		{FE19A8F9-0921-45DB-A776-7F35033041E7} = {393342B8-3254-4C91-A4AB-7D80E569A552}
		{CFA4AA58-B4D0-4B19-AF9D-D18780528320} = {121A9A3E-3D2B-4335-BA07-92C54C41230C}
		{6A513941-EF4E-46A6-92AA-85ACE6DF2B89} = {121A9A3E-3D2B-4335-BA07-92C54C41230C}
		{9AF66488-66D0-4BFE-96C7-B436E3733480} = {FE19A8F9-0921-45DB-A776-7F35033041E7}
		{5C04E821-5DAD-4D67-BD01-70E4ADB56E94} = {B85F99E4-3F77-4828-80C1-DE0099CD5E28}
		{B82B5787-1D0E-4EC2-88F9-2C5359DF7E31} = {FE19A8F9-0921-45DB-A776-7F35033041E7}
		{183CC3FE-296E-4518-82E3-AD59B6D092B0} = {B0E7687E-B54C-429E-BDEF-473C12A1E2EB}
		{1AA42ED0-FE51-4F6F-893D-0833CCFD9D5A} = {B0E7687E-B54C-429E-BDEF-473C12A1E2EB}
		{513F2903-0CE9-4C65-9D18-869FAD97366A} = {393342B8-3254-4C91-A4AB-7D80E569A552}
		{A242C949-4081-4800-92EF-242E6771E767} = {FE19A8F9-0921-45DB-A776-7F35033041E7}
		{B72150DF-5378-4AD3-91EE-685885C43D60} = {26A80C4F-DCEB-4B4D-BB58-68A6551FF760}
	EndGlobalSection
	GlobalSection(ExtensibilityGlobals) = postSolution
		SolutionGuid = {E5D15688-AE67-4A81-B42E-29A6D9E25018}
	EndGlobalSection
	GlobalSection(Performance) = preSolution
		HasPerformanceSessions = true
	EndGlobalSection
EndGlobal
